
Microsoft Visual Studio Solution File, Format Version 12.00
# Visual Studio 14
VisualStudioVersion = 14.0.25420.1
MinimumVisualStudioVersion = 10.0.40219.1
Project("{FAE04EC0-301F-11D3-BF4B-00C04F79EFBC}") = "Jamsaz.FingerPrintPortableAPI", "Jamsaz.FingerPrintPortableAPI\Jamsaz.FingerPrintPortableAPI.csproj", "{26C5A645-4138-4067-920B-F48E0D12A857}"
EndProject
Project("{FAE04EC0-301F-11D3-BF4B-00C04F79EFBC}") = "Jamsaz.FingerPrintAPI.WinIotDemo", "Jamsaz.FingerPrintAPI.WinIotDemo\Jamsaz.FingerPrintAPI.WinIotDemo.csproj", "{0C5E0B89-78FE-4F4F-A7FF-9C473D273F49}"
EndProject
Project("{FAE04EC0-301F-11D3-BF4B-00C04F79EFBC}") = "Jamsaz.FingerPrintAPI.WinDemo", "Jamsaz.FingerPrintAPI.WinDemo\Jamsaz.FingerPrintAPI.WinDemo.csproj", "{9DF9FD53-F573-4917-B72F-D5FC44142C2D}"
EndProject
Global
	GlobalSection(SolutionConfigurationPlatforms) = preSolution
		Debug|Any CPU = Debug|Any CPU
		Debug|ARM = Debug|ARM
		Debug|x64 = Debug|x64
		Debug|x86 = Debug|x86
		Release|Any CPU = Release|Any CPU
		Release|ARM = Release|ARM
		Release|x64 = Release|x64
		Release|x86 = Release|x86
	EndGlobalSection
	GlobalSection(ProjectConfigurationPlatforms) = postSolution
		{26C5A645-4138-4067-920B-F48E0D12A857}.Debug|Any CPU.ActiveCfg = Debug|Any CPU
		{26C5A645-4138-4067-920B-F48E0D12A857}.Debug|Any CPU.Build.0 = Debug|Any CPU
		{26C5A645-4138-4067-920B-F48E0D12A857}.Debug|ARM.ActiveCfg = Debug|Any CPU
		{26C5A645-4138-4067-920B-F48E0D12A857}.Debug|ARM.Build.0 = Debug|Any CPU
		{26C5A645-4138-4067-920B-F48E0D12A857}.Debug|x64.ActiveCfg = Debug|Any CPU
		{26C5A645-4138-4067-920B-F48E0D12A857}.Debug|x64.Build.0 = Debug|Any CPU
		{26C5A645-4138-4067-920B-F48E0D12A857}.Debug|x86.ActiveCfg = Debug|Any CPU
		{26C5A645-4138-4067-920B-F48E0D12A857}.Debug|x86.Build.0 = Debug|Any CPU
		{26C5A645-4138-4067-920B-F48E0D12A857}.Release|Any CPU.ActiveCfg = Release|Any CPU
		{26C5A645-4138-4067-920B-F48E0D12A857}.Release|Any CPU.Build.0 = Release|Any CPU
		{26C5A645-4138-4067-920B-F48E0D12A857}.Release|ARM.ActiveCfg = Release|Any CPU
		{26C5A645-4138-4067-920B-F48E0D12A857}.Release|ARM.Build.0 = Release|Any CPU
		{26C5A645-4138-4067-920B-F48E0D12A857}.Release|x64.ActiveCfg = Release|Any CPU
		{26C5A645-4138-4067-920B-F48E0D12A857}.Release|x64.Build.0 = Release|Any CPU
		{26C5A645-4138-4067-920B-F48E0D12A857}.Release|x86.ActiveCfg = Release|Any CPU
		{26C5A645-4138-4067-920B-F48E0D12A857}.Release|x86.Build.0 = Release|Any CPU
		{0C5E0B89-78FE-4F4F-A7FF-9C473D273F49}.Debug|Any CPU.ActiveCfg = Debug|x86
		{0C5E0B89-78FE-4F4F-A7FF-9C473D273F49}.Debug|ARM.ActiveCfg = Debug|ARM
		{0C5E0B89-78FE-4F4F-A7FF-9C473D273F49}.Debug|ARM.Build.0 = Debug|ARM
		{0C5E0B89-78FE-4F4F-A7FF-9C473D273F49}.Debug|ARM.Deploy.0 = Debug|ARM
		{0C5E0B89-78FE-4F4F-A7FF-9C473D273F49}.Debug|x64.ActiveCfg = Debug|x64
		{0C5E0B89-78FE-4F4F-A7FF-9C473D273F49}.Debug|x64.Build.0 = Debug|x64
		{0C5E0B89-78FE-4F4F-A7FF-9C473D273F49}.Debug|x64.Deploy.0 = Debug|x64
		{0C5E0B89-78FE-4F4F-A7FF-9C473D273F49}.Debug|x86.ActiveCfg = Debug|x86
		{0C5E0B89-78FE-4F4F-A7FF-9C473D273F49}.Debug|x86.Build.0 = Debug|x86
		{0C5E0B89-78FE-4F4F-A7FF-9C473D273F49}.Debug|x86.Deploy.0 = Debug|x86
		{0C5E0B89-78FE-4F4F-A7FF-9C473D273F49}.Release|Any CPU.ActiveCfg = Release|x86
		{0C5E0B89-78FE-4F4F-A7FF-9C473D273F49}.Release|ARM.ActiveCfg = Release|ARM
		{0C5E0B89-78FE-4F4F-A7FF-9C473D273F49}.Release|ARM.Build.0 = Release|ARM
		{0C5E0B89-78FE-4F4F-A7FF-9C473D273F49}.Release|ARM.Deploy.0 = Release|ARM
		{0C5E0B89-78FE-4F4F-A7FF-9C473D273F49}.Release|x64.ActiveCfg = Release|x64
		{0C5E0B89-78FE-4F4F-A7FF-9C473D273F49}.Release|x64.Build.0 = Release|x64
		{0C5E0B89-78FE-4F4F-A7FF-9C473D273F49}.Release|x64.Deploy.0 = Release|x64
		{0C5E0B89-78FE-4F4F-A7FF-9C473D273F49}.Release|x86.ActiveCfg = Release|x86
		{0C5E0B89-78FE-4F4F-A7FF-9C473D273F49}.Release|x86.Build.0 = Release|x86
		{0C5E0B89-78FE-4F4F-A7FF-9C473D273F49}.Release|x86.Deploy.0 = Release|x86
		{9DF9FD53-F573-4917-B72F-D5FC44142C2D}.Debug|Any CPU.ActiveCfg = Debug|Any CPU
		{9DF9FD53-F573-4917-B72F-D5FC44142C2D}.Debug|Any CPU.Build.0 = Debug|Any CPU
		{9DF9FD53-F573-4917-B72F-D5FC44142C2D}.Debug|ARM.ActiveCfg = Debug|Any CPU
		{9DF9FD53-F573-4917-B72F-D5FC44142C2D}.Debug|ARM.Build.0 = Debug|Any CPU
		{9DF9FD53-F573-4917-B72F-D5FC44142C2D}.Debug|x64.ActiveCfg = Debug|Any CPU
		{9DF9FD53-F573-4917-B72F-D5FC44142C2D}.Debug|x64.Build.0 = Debug|Any CPU
		{9DF9FD53-F573-4917-B72F-D5FC44142C2D}.Debug|x86.ActiveCfg = Debug|Any CPU
		{9DF9FD53-F573-4917-B72F-D5FC44142C2D}.Debug|x86.Build.0 = Debug|Any CPU
		{9DF9FD53-F573-4917-B72F-D5FC44142C2D}.Release|Any CPU.ActiveCfg = Release|Any CPU
		{9DF9FD53-F573-4917-B72F-D5FC44142C2D}.Release|Any CPU.Build.0 = Release|Any CPU
		{9DF9FD53-F573-4917-B72F-D5FC44142C2D}.Release|ARM.ActiveCfg = Release|Any CPU
		{9DF9FD53-F573-4917-B72F-D5FC44142C2D}.Release|ARM.Build.0 = Release|Any CPU
		{9DF9FD53-F573-4917-B72F-D5FC44142C2D}.Release|x64.ActiveCfg = Release|Any CPU
		{9DF9FD53-F573-4917-B72F-D5FC44142C2D}.Release|x64.Build.0 = Release|Any CPU
		{9DF9FD53-F573-4917-B72F-D5FC44142C2D}.Release|x86.ActiveCfg = Release|Any CPU
		{9DF9FD53-F573-4917-B72F-D5FC44142C2D}.Release|x86.Build.0 = Release|Any CPU
	EndGlobalSection
	GlobalSection(SolutionProperties) = preSolution
		HideSolutionNode = FALSE
	EndGlobalSection
EndGlobal
